
Microsoft Visual Studio Solution File, Format Version 12.00
# Visual Studio 2013
VisualStudioVersion = 12.0.21005.1
MinimumVisualStudioVersion = 10.0.40219.1
Project("{FAE04EC0-301F-11D3-BF4B-00C04F79EFBC}") = "byd001_app", "byd001_app\byd001_app.csproj", "{906CFBBE-55CC-49E6-8D2D-57186C7905CE}"
EndProject
Global
	GlobalSection(SolutionConfigurationPlatforms) = preSolution
		Debug|Any CPU = Debug|Any CPU
		Release|Any CPU = Release|Any CPU
	EndGlobalSection
	GlobalSection(ProjectConfigurationPlatforms) = postSolution
		{906CFBBE-55CC-49E6-8D2D-57186C7905CE}.Debug|Any CPU.ActiveCfg = Debug|Any CPU
		{906CFBBE-55CC-49E6-8D2D-57186C7905CE}.Debug|Any CPU.Build.0 = Debug|Any CPU
		{906CFBBE-55CC-49E6-8D2D-57186C7905CE}.Release|Any CPU.ActiveCfg = Release|Any CPU
		{906CFBBE-55CC-49E6-8D2D-57186C7905CE}.Release|Any CPU.Build.0 = Release|Any CPU
	EndGlobalSection
	GlobalSection(SolutionProperties) = preSolution
		HideSolutionNode = FALSE
	EndGlobalSection
EndGlobal
